
Microsoft Visual Studio Solution File, Format Version 12.00
# Visual Studio 15
VisualStudioVersion = 15.0.27130.2036
MinimumVisualStudioVersion = 10.0.40219.1
Project("{9A19103F-16F7-4668-BE54-9A1E7A4F7556}") = "PeriodicContainer", "PeriodicContainer\PeriodicContainer.csproj", "{B33D3513-3251-410A-88CB-4F61BB5516F3}"
EndProject
Global
	GlobalSection(SolutionConfigurationPlatforms) = preSolution
		Debug|Any CPU = Debug|Any CPU
		Release|Any CPU = Release|Any CPU
	EndGlobalSection
	GlobalSection(ProjectConfigurationPlatforms) = postSolution
		{B33D3513-3251-410A-88CB-4F61BB5516F3}.Debug|Any CPU.ActiveCfg = Debug|Any CPU
		{B33D3513-3251-410A-88CB-4F61BB5516F3}.Debug|Any CPU.Build.0 = Debug|Any CPU
		{B33D3513-3251-410A-88CB-4F61BB5516F3}.Release|Any CPU.ActiveCfg = Release|Any CPU
		{B33D3513-3251-410A-88CB-4F61BB5516F3}.Release|Any CPU.Build.0 = Release|Any CPU
	EndGlobalSection
	GlobalSection(SolutionProperties) = preSolution
		HideSolutionNode = FALSE
	EndGlobalSection
	GlobalSection(ExtensibilityGlobals) = postSolution
		SolutionGuid = {4A51E14F-B3D7-4ACA-B522-8BB7A555AB30}
	EndGlobalSection
EndGlobal
